
Microsoft Visual Studio Solution File, Format Version 12.00
# Visual Studio Version 17
VisualStudioVersion = 17.0.31903.59
MinimumVisualStudioVersion = 10.0.40219.1
Project("{FAE04EC0-301F-11D3-BF4B-00C04F79EFBC}") = "GenesisLoader", "GenesisLoader\GenesisLoader.csproj", "{2E4CF5FC-2AC9-47D7-82CD-13ACB3889D70}"
EndProject
Project("{FAE04EC0-301F-11D3-BF4B-00C04F79EFBC}") = "GenesisLoaderMono", "GenesisLoaderMono\GenesisLoaderMono.csproj", "{5F7FBBD4-D379-42DA-98CF-45280077AFC0}"
EndProject
Project("{FAE04EC0-301F-11D3-BF4B-00C04F79EFBC}") = "GenesisLoaderbp5", "GenesisLoaderbp5\GenesisLoaderbp5.csproj", "{2E62900A-64E7-40C1-8A9E-0FE8A0BC45D2}"
EndProject
Project("{FAE04EC0-301F-11D3-BF4B-00C04F79EFBC}") = "GenesisLoaderStandalone", "GenesisLoaderStandalone\GenesisLoaderStandalone.csproj", "{585198DC-D925-450B-B880-CCF72EDA6BF0}"
EndProject
Global
	GlobalSection(SolutionConfigurationPlatforms) = preSolution
		Debug|Any CPU = Debug|Any CPU
		Debug|x64 = Debug|x64
		Debug|x86 = Debug|x86
		Release|Any CPU = Release|Any CPU
		Release|x64 = Release|x64
		Release|x86 = Release|x86
	EndGlobalSection
	GlobalSection(ProjectConfigurationPlatforms) = postSolution
		{2E4CF5FC-2AC9-47D7-82CD-13ACB3889D70}.Debug|Any CPU.ActiveCfg = Debug|Any CPU
		{2E4CF5FC-2AC9-47D7-82CD-13ACB3889D70}.Debug|Any CPU.Build.0 = Debug|Any CPU
		{2E4CF5FC-2AC9-47D7-82CD-13ACB3889D70}.Debug|x64.ActiveCfg = Debug|Any CPU
		{2E4CF5FC-2AC9-47D7-82CD-13ACB3889D70}.Debug|x64.Build.0 = Debug|Any CPU
		{2E4CF5FC-2AC9-47D7-82CD-13ACB3889D70}.Debug|x86.ActiveCfg = Debug|Any CPU
		{2E4CF5FC-2AC9-47D7-82CD-13ACB3889D70}.Debug|x86.Build.0 = Debug|Any CPU
		{2E4CF5FC-2AC9-47D7-82CD-13ACB3889D70}.Release|Any CPU.ActiveCfg = Release|Any CPU
		{2E4CF5FC-2AC9-47D7-82CD-13ACB3889D70}.Release|Any CPU.Build.0 = Release|Any CPU
		{2E4CF5FC-2AC9-47D7-82CD-13ACB3889D70}.Release|x64.ActiveCfg = Release|Any CPU
		{2E4CF5FC-2AC9-47D7-82CD-13ACB3889D70}.Release|x64.Build.0 = Release|Any CPU
		{2E4CF5FC-2AC9-47D7-82CD-13ACB3889D70}.Release|x86.ActiveCfg = Release|Any CPU
		{2E4CF5FC-2AC9-47D7-82CD-13ACB3889D70}.Release|x86.Build.0 = Release|Any CPU
		{5F7FBBD4-D379-42DA-98CF-45280077AFC0}.Debug|Any CPU.ActiveCfg = Debug|Any CPU
		{5F7FBBD4-D379-42DA-98CF-45280077AFC0}.Debug|Any CPU.Build.0 = Debug|Any CPU
		{5F7FBBD4-D379-42DA-98CF-45280077AFC0}.Debug|x64.ActiveCfg = Debug|Any CPU
		{5F7FBBD4-D379-42DA-98CF-45280077AFC0}.Debug|x64.Build.0 = Debug|Any CPU
		{5F7FBBD4-D379-42DA-98CF-45280077AFC0}.Debug|x86.ActiveCfg = Debug|Any CPU
		{5F7FBBD4-D379-42DA-98CF-45280077AFC0}.Debug|x86.Build.0 = Debug|Any CPU
		{5F7FBBD4-D379-42DA-98CF-45280077AFC0}.Release|Any CPU.ActiveCfg = Release|Any CPU
		{5F7FBBD4-D379-42DA-98CF-45280077AFC0}.Release|Any CPU.Build.0 = Release|Any CPU
		{5F7FBBD4-D379-42DA-98CF-45280077AFC0}.Release|x64.ActiveCfg = Release|Any CPU
		{5F7FBBD4-D379-42DA-98CF-45280077AFC0}.Release|x64.Build.0 = Release|Any CPU
		{5F7FBBD4-D379-42DA-98CF-45280077AFC0}.Release|x86.ActiveCfg = Release|Any CPU
		{5F7FBBD4-D379-42DA-98CF-45280077AFC0}.Release|x86.Build.0 = Release|Any CPU
		{2E62900A-64E7-40C1-8A9E-0FE8A0BC45D2}.Debug|Any CPU.ActiveCfg = Debug|Any CPU
		{2E62900A-64E7-40C1-8A9E-0FE8A0BC45D2}.Debug|Any CPU.Build.0 = Debug|Any CPU
		{2E62900A-64E7-40C1-8A9E-0FE8A0BC45D2}.Debug|x64.ActiveCfg = Debug|Any CPU
		{2E62900A-64E7-40C1-8A9E-0FE8A0BC45D2}.Debug|x64.Build.0 = Debug|Any CPU
		{2E62900A-64E7-40C1-8A9E-0FE8A0BC45D2}.Debug|x86.ActiveCfg = Debug|Any CPU
		{2E62900A-64E7-40C1-8A9E-0FE8A0BC45D2}.Debug|x86.Build.0 = Debug|Any CPU
		{2E62900A-64E7-40C1-8A9E-0FE8A0BC45D2}.Release|Any CPU.ActiveCfg = Release|Any CPU
		{2E62900A-64E7-40C1-8A9E-0FE8A0BC45D2}.Release|Any CPU.Build.0 = Release|Any CPU
		{2E62900A-64E7-40C1-8A9E-0FE8A0BC45D2}.Release|x64.ActiveCfg = Release|Any CPU
		{2E62900A-64E7-40C1-8A9E-0FE8A0BC45D2}.Release|x64.Build.0 = Release|Any CPU
		{2E62900A-64E7-40C1-8A9E-0FE8A0BC45D2}.Release|x86.ActiveCfg = Release|Any CPU
		{2E62900A-64E7-40C1-8A9E-0FE8A0BC45D2}.Release|x86.Build.0 = Release|Any CPU
		{585198DC-D925-450B-B880-CCF72EDA6BF0}.Debug|Any CPU.ActiveCfg = Debug|Any CPU
		{585198DC-D925-450B-B880-CCF72EDA6BF0}.Debug|Any CPU.Build.0 = Debug|Any CPU
		{585198DC-D925-450B-B880-CCF72EDA6BF0}.Debug|x64.ActiveCfg = Debug|Any CPU
		{585198DC-D925-450B-B880-CCF72EDA6BF0}.Debug|x64.Build.0 = Debug|Any CPU
		{585198DC-D925-450B-B880-CCF72EDA6BF0}.Debug|x86.ActiveCfg = Debug|Any CPU
		{585198DC-D925-450B-B880-CCF72EDA6BF0}.Debug|x86.Build.0 = Debug|Any CPU
		{585198DC-D925-450B-B880-CCF72EDA6BF0}.Release|Any CPU.ActiveCfg = Release|Any CPU
		{585198DC-D925-450B-B880-CCF72EDA6BF0}.Release|Any CPU.Build.0 = Release|Any CPU
		{585198DC-D925-450B-B880-CCF72EDA6BF0}.Release|x64.ActiveCfg = Release|Any CPU
		{585198DC-D925-450B-B880-CCF72EDA6BF0}.Release|x64.Build.0 = Release|Any CPU
		{585198DC-D925-450B-B880-CCF72EDA6BF0}.Release|x86.ActiveCfg = Release|Any CPU
		{585198DC-D925-450B-B880-CCF72EDA6BF0}.Release|x86.Build.0 = Release|Any CPU
	EndGlobalSection
	GlobalSection(SolutionProperties) = preSolution
		HideSolutionNode = FALSE
	EndGlobalSection
EndGlobal
